
Microsoft Visual Studio Solution File, Format Version 12.00
# Visual Studio Version 16
VisualStudioVersion = 16.0.30320.27
MinimumVisualStudioVersion = 10.0.40219.1
Project("{9A19103F-16F7-4668-BE54-9A1E7A4F7556}") = "MyPayProject", "MyPayProject\MyPayProject.csproj", "{3B044C90-2D19-4F21-B9A5-1FF5D26977D2}"
EndProject
Project("{FAE04EC0-301F-11D3-BF4B-00C04F79EFBC}") = "MyPayRecordTestProject", "MyPayRecordTestProject\MyPayRecordTestProject.csproj", "{D50329D1-43EC-4A76-9BAD-2844D7CB6334}"
EndProject
Global
	GlobalSection(SolutionConfigurationPlatforms) = preSolution
		Debug|Any CPU = Debug|Any CPU
		Release|Any CPU = Release|Any CPU
	EndGlobalSection
	GlobalSection(ProjectConfigurationPlatforms) = postSolution
		{3B044C90-2D19-4F21-B9A5-1FF5D26977D2}.Debug|Any CPU.ActiveCfg = Debug|Any CPU
		{3B044C90-2D19-4F21-B9A5-1FF5D26977D2}.Debug|Any CPU.Build.0 = Debug|Any CPU
		{3B044C90-2D19-4F21-B9A5-1FF5D26977D2}.Release|Any CPU.ActiveCfg = Release|Any CPU
		{3B044C90-2D19-4F21-B9A5-1FF5D26977D2}.Release|Any CPU.Build.0 = Release|Any CPU
		{D50329D1-43EC-4A76-9BAD-2844D7CB6334}.Debug|Any CPU.ActiveCfg = Debug|Any CPU
		{D50329D1-43EC-4A76-9BAD-2844D7CB6334}.Debug|Any CPU.Build.0 = Debug|Any CPU
		{D50329D1-43EC-4A76-9BAD-2844D7CB6334}.Release|Any CPU.ActiveCfg = Release|Any CPU
		{D50329D1-43EC-4A76-9BAD-2844D7CB6334}.Release|Any CPU.Build.0 = Release|Any CPU
	EndGlobalSection
	GlobalSection(SolutionProperties) = preSolution
		HideSolutionNode = FALSE
	EndGlobalSection
	GlobalSection(ExtensibilityGlobals) = postSolution
		SolutionGuid = {90A56B07-0956-46AB-BEAD-1F38F47031A8}
	EndGlobalSection
EndGlobal
